
Microsoft Visual Studio Solution File, Format Version 12.00
# Visual Studio Version 17
VisualStudioVersion = 17.2.32630.192
MinimumVisualStudioVersion = 10.0.40219.1
Project("{FAE04EC0-301F-11D3-BF4B-00C04F79EFBC}") = "ParaClub", "ParaClub\ParaClub.csproj", "{F3C90142-578C-4CC5-BBF0-DDD04646DC34}"
EndProject
Global
	GlobalSection(SolutionConfigurationPlatforms) = preSolution
		Debug|Any CPU = Debug|Any CPU
		Release|Any CPU = Release|Any CPU
	EndGlobalSection
	GlobalSection(ProjectConfigurationPlatforms) = postSolution
		{F3C90142-578C-4CC5-BBF0-DDD04646DC34}.Debug|Any CPU.ActiveCfg = Debug|Any CPU
		{F3C90142-578C-4CC5-BBF0-DDD04646DC34}.Debug|Any CPU.Build.0 = Debug|Any CPU
		{F3C90142-578C-4CC5-BBF0-DDD04646DC34}.Release|Any CPU.ActiveCfg = Release|Any CPU
		{F3C90142-578C-4CC5-BBF0-DDD04646DC34}.Release|Any CPU.Build.0 = Release|Any CPU
	EndGlobalSection
	GlobalSection(SolutionProperties) = preSolution
		HideSolutionNode = FALSE
	EndGlobalSection
	GlobalSection(ExtensibilityGlobals) = postSolution
		SolutionGuid = {2BB0AD48-30DA-411E-AF72-9C242EF23A5B}
	EndGlobalSection
EndGlobal
